<?xml version="1.0" encoding="UTF-8"?>
<CONFIG>
  <ProjectOptions>
    <Version Value="12"/>
    <General>
      <Flags>
        <CompatibilityMode Value="True"/>
      </Flags>
      <SessionStorage Value="InProjectDir"/>
      <Title Value="tomboy-ng"/>
      <Scaled Value="True"/>
      <ResourceType Value="res"/>
      <UseXPManifest Value="True"/>
      <XPManifest>
        <DpiAware Value="True"/>
        <TextName Value="DRB"/>
        <TextDesc Value=""/>
      </XPManifest>
      <Icon Value="0"/>
    </General>
    <i18n>
      <EnableI18N Value="True"/>
      <OutDir Value="../po"/>
      <ExcludedIdentifiers Count="9">
        <Item1 Value="LabelToken"/>
        <Item2 Value="Index out of bounds"/>
        <Item3 Value="Node is not a container"/>
        <Item4 Value="Error while parsing text"/>
        <Item5 Value="Root node must be an array or object"/>
        <Item6 Value="Button1"/>
        <Item7 Value="label1"/>
        <Item8 Value="LabelFindInfo"/>
        <Item9 Value="PanelBackLinks"/>
      </ExcludedIdentifiers>
      <ExcludedOriginals Count="80">
        <Item1 Value="LabelToken"/>
        <Item2 Value="Index out of bounds"/>
        <Item3 Value="Node is not a container"/>
        <Item4 Value="Error while parsing text"/>
        <Item5 Value="Root node must be an array or object"/>
        <Item6 Value="Form Caption"/>
        <Item7 Value="LabelAdvice1"/>
        <Item8 Value="LabelAdvice2"/>
        <Item9 Value="Advice"/>
        <Item10 Value="EditSearch"/>
        <Item11 Value="EditBoxForm"/>
        <Item12 Value="LabelSearchInfo"/>
        <Item13 Value="FormColours"/>
        <Item14 Value="FormRecover"/>
        <Item15 Value="LabelFileSyncInfo1"/>
        <Item16 Value="LabelFileSyncInfo2"/>
        <Item17 Value="PanelSearch"/>
        <Item18 Value="Form Caption"/>
        <Item19 Value="TimeEdit1"/>
        <Item20 Value="Label1"/>
        <Item21 Value="LabelExistingAdvice"/>
        <Item22 Value="LabelExistingAdvice2"/>
        <Item23 Value="LabelNoteErrors"/>
        <Item24 Value="Label2"/>
        <Item25 Value="Label7"/>
        <Item26 Value="Panel3"/>
        <Item27 Value="0.0.0.0"/>
        <Item28 Value="EditProfileName"/>
        <Item29 Value="LabelServerID"/>
        <Item30 Value="Panel1"/>
        <Item31 Value="Panel2"/>
        <Item32 Value="LabelNoDismiss1"/>
        <Item33 Value="LabelNoDismiss2"/>
        <Item34 Value="NoteBookPick"/>
        <Item35 Value="Label3"/>
        <Item36 Value="LabelContext"/>
        <Item37 Value="LabelDic"/>
        <Item38 Value="LabelDicPrompt"/>
        <Item39 Value="LabelDicStatus"/>
        <Item40 Value="LabelError"/>
        <Item41 Value="LabelLibrary"/>
        <Item42 Value="LabelLibraryStatus"/>
        <Item43 Value="LabelNotesPath"/>
        <Item44 Value="LabelSettingPath"/>
        <Item45 Value="LabelStatus"/>
        <Item46 Value="LabelSuspect"/>
        <Item47 Value="LabelWaitForSync"/>
        <Item48 Value="Label15"/>
        <Item49 Value="tsett.label10.caption"/>
        <Item50 Value="tsett.label11.caption"/>
        <Item51 Value="x"/>
        <Item52 Value="X"/>
        <Item53 Value="FormMarkdown"/>
        <Item54 Value="FormRollBack"/>
        <Item55 Value="LabelOpn"/>
        <Item56 Value="LabelOpnTitle"/>
        <Item57 Value="Labelttl"/>
        <Item58 Value="LabelttlTitle"/>
        <Item59 Value="LabelRemote"/>
        <Item60 Value="LabelLocal"/>
        <Item61 Value="LabelBadNoteAdvice"/>
        <Item62 Value="LabelFileSyncinfo1"/>
        <Item63 Value="LabelFileSyncinfo2"/>
        <Item64 Value="LabelSyncInfo2"/>
        <Item65 Value="LabelSyncInfo1"/>
        <Item66 Value="EditUserName"/>
        <Item67 Value="ComboSyncType"/>
        <Item68 Value="LabelProgress"/>
        <Item69 Value="MenuItem4"/>
        <Item70 Value="MenuItem5"/>
        <Item71 Value="MenuItem6"/>
        <Item72 Value="FormKMemo2pdf"/>
        <Item73 Value="label1"/>
        <Item74 Value="LabelFindInfo"/>
        <Item75 Value="PanelBackLinks"/>
        <Item76 Value="EditFind"/>
        <Item77 Value="ComboMono"/>
        <Item78 Value="ComboProp"/>
        <Item79 Value="LabelYouCanChange"/>
        <Item80 Value="ComboSyncTiming"/>
      </ExcludedOriginals>
    </i18n>
    <BuildModes Count="24">
      <Item1 Name="Default" Default="True"/>
      <Item2 Name="Debug">
        <CompilerOptions>
          <Version Value="11"/>
          <Target>
            <Filename Value="tomboy-ng"/>
          </Target>
          <SearchPaths>
            <IncludeFiles Value="$(ProjOutDir)"/>
            <UnitOutputDirectory Value="lib/$(TargetCPU)-$(TargetOS)"/>
          </SearchPaths>
          <Parsing>
            <SyntaxOptions>
              <IncludeAssertionCode Value="True"/>
            </SyntaxOptions>
          </Parsing>
          <CodeGeneration>
            <Checks>
              <IOChecks Value="True"/>
              <RangeChecks Value="True"/>
              <OverflowChecks Value="True"/>
              <StackChecks Value="True"/>
            </Checks>
            <VerifyObjMethodCallValidity Value="True"/>
            <Optimizations>
              <OptimizationLevel Value="0"/>
            </Optimizations>
          </CodeGeneration>
          <Linking>
            <Debugging>
              <DebugInfoType Value="dsDwarf2Set"/>
              <UseHeaptrc Value="True"/>
              <TrashVariables Value="True"/>
            </Debugging>
            <Options>
              <Win32>
                <GraphicApplication Value="True"/>
              </Win32>
            </Options>
          </Linking>
          <Other>
            <CompilerMessages>
              <IgnoredMessages idx6058="True" idx5092="True" idx5024="True" idx4056="True" idx4055="True"/>
            </CompilerMessages>
            <CustomOptions Value="-dTOMBOY_NG"/>
          </Other>
        </CompilerOptions>
      </Item2>
      <Item3 Name="ReleaseLin64">
        <MacroValues Count="1">
          <Macro2 Name="LCLWidgetType" Value="gtk2"/>
        </MacroValues>
        <CompilerOptions>
          <Version Value="11"/>
          <Target>
            <Filename Value="tomboy-ng-64"/>
          </Target>
          <SearchPaths>
            <IncludeFiles Value="$(ProjOutDir)"/>
            <UnitOutputDirectory Value="lib/$(TargetCPU)-$(TargetOS)"/>
          </SearchPaths>
          <CodeGeneration>
            <SmartLinkUnit Value="True"/>
            <Optimizations>
              <OptimizationLevel Value="3"/>
            </Optimizations>
          </CodeGeneration>
          <Linking>
            <Debugging>
              <GenerateDebugInfo Value="False"/>
              <RunWithoutDebug Value="True"/>
              <DebugInfoType Value="dsDwarf3"/>
              <UseLineInfoUnit Value="False"/>
            </Debugging>
            <LinkSmart Value="True"/>
            <Options>
              <Win32>
                <GraphicApplication Value="True"/>
              </Win32>
            </Options>
          </Linking>
          <Other>
            <Verbosity>
              <ShowHints Value="False"/>
            </Verbosity>
            <CompilerMessages>
              <IgnoredMessages idx6058="True"/>
            </CompilerMessages>
            <CustomOptions Value="-dDisableLCLGIF
-dDisableLCLJPEG
-dDisableLCLPNM
-dDisableLCLTIFF
-dTOMBOY_NG"/>
          </Other>
        </CompilerOptions>
      </Item3>
      <Item4 Name="ReleaseQT5">
        <MacroValues Count="1">
          <Macro4 Name="LCLWidgetType" Value="qt5"/>
        </MacroValues>
        <CompilerOptions>
          <Version Value="11"/>
          <Target>
            <Filename Value="tomboy-ng-qt5"/>
          </Target>
          <SearchPaths>
            <IncludeFiles Value="$(ProjOutDir)"/>
            <UnitOutputDirectory Value="lib/$(TargetCPU)-$(TargetOS)"/>
          </SearchPaths>
          <CodeGeneration>
            <SmartLinkUnit Value="True"/>
            <TargetOS Value="linux"/>
            <Optimizations>
              <OptimizationLevel Value="3"/>
            </Optimizations>
          </CodeGeneration>
          <Linking>
            <Debugging>
              <GenerateDebugInfo Value="False"/>
              <RunWithoutDebug Value="True"/>
              <DebugInfoType Value="dsDwarf3"/>
              <UseLineInfoUnit Value="False"/>
              <StripSymbols Value="True"/>
            </Debugging>
            <LinkSmart Value="True"/>
            <Options>
              <Win32>
                <GraphicApplication Value="True"/>
              </Win32>
            </Options>
          </Linking>
          <Other>
            <Verbosity>
              <ShowHints Value="False"/>
            </Verbosity>
            <CompilerMessages>
              <IgnoredMessages idx6058="True"/>
            </CompilerMessages>
            <CustomOptions Value="-dDisableLCLGIF
-dDisableLCLJPEG
-dDisableLCLPNM
-dDisableLCLTIFF
-dTOMBOY_NG"/>
          </Other>
        </CompilerOptions>
      </Item4>
      <Item5 Name="ReleaseQt6">
        <MacroValues Count="1">
          <Macro7 Name="LCLWidgetType" Value="qt6"/>
        </MacroValues>
        <CompilerOptions>
          <Version Value="11"/>
          <Target>
            <Filename Value="tomboy-ng-qt6"/>
          </Target>
          <SearchPaths>
            <IncludeFiles Value="$(ProjOutDir)"/>
            <UnitOutputDirectory Value="lib/$(TargetCPU)-$(TargetOS)"/>
          </SearchPaths>
          <CodeGeneration>
            <Optimizations>
              <OptimizationLevel Value="0"/>
            </Optimizations>
          </CodeGeneration>
          <Linking>
            <Debugging>
              <GenerateDebugInfo Value="False"/>
              <RunWithoutDebug Value="True"/>
              <DebugInfoType Value="dsDwarf2Set"/>
            </Debugging>
            <Options>
              <Win32>
                <GraphicApplication Value="True"/>
              </Win32>
            </Options>
          </Linking>
          <Other>
            <CompilerMessages>
              <IgnoredMessages idx6058="True" idx5092="True" idx5024="True" idx4056="True" idx4055="True"/>
            </CompilerMessages>
            <CustomOptions Value="-dTOMBOY_NG"/>
          </Other>
        </CompilerOptions>
      </Item5>
      <Item6 Name="ReleaseLin32">
        <MacroValues Count="1">
          <Macro2 Name="LCLWidgetType" Value="gtk2"/>
        </MacroValues>
        <CompilerOptions>
          <Version Value="11"/>
          <Target>
            <Filename Value="tomboy-ng-32"/>
          </Target>
          <SearchPaths>
            <IncludeFiles Value="$(ProjOutDir)"/>
            <UnitOutputDirectory Value="lib/$(TargetCPU)-$(TargetOS)"/>
          </SearchPaths>
          <CodeGeneration>
            <SmartLinkUnit Value="True"/>
            <TargetProcessor Value="80386"/>
            <TargetCPU Value="i386"/>
            <TargetOS Value="linux"/>
            <Optimizations>
              <OptimizationLevel Value="3"/>
            </Optimizations>
          </CodeGeneration>
          <Linking>
            <Debugging>
              <GenerateDebugInfo Value="False"/>
              <RunWithoutDebug Value="True"/>
            </Debugging>
            <LinkSmart Value="True"/>
            <Options>
              <Win32>
                <GraphicApplication Value="True"/>
              </Win32>
            </Options>
          </Linking>
          <Other>
            <Verbosity>
              <ShowTriedFiles Value="True"/>
            </Verbosity>
            <CompilerMessages>
              <IgnoredMessages idx6058="True"/>
            </CompilerMessages>
            <CustomOptions Value="-dTOMBOY_NG"/>
          </Other>
        </CompilerOptions>
      </Item6>
      <Item7 Name="ReleaseLin32Qt5">
        <MacroValues Count="1">
          <Macro4 Name="LCLWidgetType" Value="qt5"/>
        </MacroValues>
        <CompilerOptions>
          <Version Value="11"/>
          <Target>
            <Filename Value="tomboy-ng-32-qt5"/>
          </Target>
          <SearchPaths>
            <IncludeFiles Value="$(ProjOutDir)"/>
            <UnitOutputDirectory Value="lib/$(TargetCPU)-$(TargetOS)"/>
          </SearchPaths>
          <CodeGeneration>
            <SmartLinkUnit Value="True"/>
            <TargetProcessor Value="80386"/>
            <TargetCPU Value="i386"/>
            <TargetOS Value="linux"/>
            <Optimizations>
              <OptimizationLevel Value="3"/>
            </Optimizations>
          </CodeGeneration>
          <Linking>
            <Debugging>
              <GenerateDebugInfo Value="False"/>
              <RunWithoutDebug Value="True"/>
            </Debugging>
            <LinkSmart Value="True"/>
            <Options>
              <Win32>
                <GraphicApplication Value="True"/>
              </Win32>
            </Options>
          </Linking>
          <Other>
            <Verbosity>
              <ShowTriedFiles Value="True"/>
            </Verbosity>
            <CompilerMessages>
              <IgnoredMessages idx6058="True"/>
            </CompilerMessages>
            <CustomOptions Value="-dTOMBOY_NG"/>
          </Other>
        </CompilerOptions>
      </Item7>
      <Item8 Name="ReleaseWin64">
        <MacroValues Count="1">
          <Macro1 Name="LCLWidgetType" Value="win32"/>
        </MacroValues>
        <CompilerOptions>
          <Version Value="11"/>
          <Target>
            <Filename Value="tomboy-ng-64"/>
          </Target>
          <SearchPaths>
            <IncludeFiles Value="$(ProjOutDir)"/>
            <UnitOutputDirectory Value="lib/$(TargetCPU)-$(TargetOS)"/>
          </SearchPaths>
          <CodeGeneration>
            <SmartLinkUnit Value="True"/>
            <TargetCPU Value="x86_64"/>
            <TargetOS Value="win64"/>
            <Optimizations>
              <OptimizationLevel Value="3"/>
            </Optimizations>
          </CodeGeneration>
          <Linking>
            <Debugging>
              <GenerateDebugInfo Value="False"/>
            </Debugging>
            <Options>
              <Win32>
                <GraphicApplication Value="True"/>
              </Win32>
            </Options>
          </Linking>
          <Other>
            <Verbosity>
              <ShowHints Value="False"/>
            </Verbosity>
            <CompilerMessages>
              <IgnoredMessages idx6058="True"/>
            </CompilerMessages>
            <CustomOptions Value="-dTOMBOY_NG"/>
            <CompilerPath Value="ppcrossx64"/>
          </Other>
        </CompilerOptions>
      </Item8>
      <Item9 Name="ReleaseWin32">
        <MacroValues Count="1">
          <Macro1 Name="LCLWidgetType" Value="win32"/>
        </MacroValues>
        <CompilerOptions>
          <Version Value="11"/>
          <Target>
            <Filename Value="tomboy-ng-32"/>
          </Target>
          <SearchPaths>
            <IncludeFiles Value="$(ProjOutDir)"/>
            <UnitOutputDirectory Value="lib/$(TargetCPU)-$(TargetOS)"/>
          </SearchPaths>
          <CodeGeneration>
            <SmartLinkUnit Value="True"/>
            <TargetCPU Value="i386"/>
            <TargetOS Value="win32"/>
            <Optimizations>
              <OptimizationLevel Value="3"/>
            </Optimizations>
          </CodeGeneration>
          <Linking>
            <Debugging>
              <GenerateDebugInfo Value="False"/>
              <UseLineInfoUnit Value="False"/>
            </Debugging>
            <Options>
              <Win32>
                <GraphicApplication Value="True"/>
              </Win32>
            </Options>
          </Linking>
          <Other>
            <Verbosity>
              <ShowHints Value="False"/>
            </Verbosity>
            <CompilerMessages>
              <IgnoredMessages idx6058="True"/>
            </CompilerMessages>
            <CustomOptions Value="-dTOMBOY_NG"/>
            <CompilerPath Value="fpc"/>
          </Other>
        </CompilerOptions>
      </Item9>
      <Item10 Name="ReleaseRasPi">
        <MacroValues Count="1">
          <Macro4 Name="LCLWidgetType" Value="qt5"/>
        </MacroValues>
        <CompilerOptions>
          <Version Value="11"/>
          <Target>
            <Filename Value="tomboy-ng-armhf"/>
          </Target>
          <SearchPaths>
            <IncludeFiles Value="$(ProjOutDir)"/>
            <UnitOutputDirectory Value="lib/$(TargetCPU)-$(TargetOS)"/>
          </SearchPaths>
          <CodeGeneration>
            <TargetCPU Value="arm"/>
            <Optimizations>
              <OptimizationLevel Value="0"/>
            </Optimizations>
          </CodeGeneration>
          <Linking>
            <Debugging>
              <GenerateDebugInfo Value="False"/>
              <RunWithoutDebug Value="True"/>
              <DebugInfoType Value="dsDwarf2Set"/>
              <UseLineInfoUnit Value="False"/>
            </Debugging>
            <Options>
              <Win32>
                <GraphicApplication Value="True"/>
              </Win32>
            </Options>
          </Linking>
          <Other>
            <CompilerMessages>
              <IgnoredMessages idx6058="True" idx5024="True"/>
            </CompilerMessages>
            <CustomOptions Value="-dTOMBOY_NG"/>
          </Other>
        </CompilerOptions>
      </Item10>
      <Item11 Name="ReleaseRasPi64">
        <MacroValues Count="1">
          <Macro2 Name="LCLWidgetType" Value="gtk2"/>
        </MacroValues>
        <CompilerOptions>
          <Version Value="11"/>
          <Target>
            <Filename Value="tomboy-ng-arm64"/>
          </Target>
          <SearchPaths>
            <IncludeFiles Value="$(ProjOutDir)"/>
            <UnitOutputDirectory Value="lib/$(TargetCPU)-$(TargetOS)"/>
          </SearchPaths>
          <CodeGeneration>
            <TargetCPU Value="aarch64"/>
            <Optimizations>
              <OptimizationLevel Value="0"/>
            </Optimizations>
          </CodeGeneration>
          <Linking>
            <Debugging>
              <GenerateDebugInfo Value="False"/>
              <RunWithoutDebug Value="True"/>
              <DebugInfoType Value="dsDwarf2Set"/>
              <UseLineInfoUnit Value="False"/>
            </Debugging>
            <Options>
              <Win32>
                <GraphicApplication Value="True"/>
              </Win32>
            </Options>
          </Linking>
          <Other>
            <CompilerMessages>
              <IgnoredMessages idx6058="True" idx5024="True"/>
            </CompilerMessages>
            <CustomOptions Value="-dTOMBOY_NG"/>
          </Other>
        </CompilerOptions>
      </Item11>
      <Item12 Name="CocoaRelease">
        <MacroValues Count="1">
          <Macro5 Name="LCLWidgetType" Value="cocoa"/>
        </MacroValues>
        <CompilerOptions>
          <Version Value="11"/>
          <Target>
            <Filename Value="tomboy-ng-x86_64"/>
          </Target>
          <SearchPaths>
            <IncludeFiles Value="$(ProjOutDir)"/>
            <UnitOutputDirectory Value="lib/$(TargetCPU)-$(TargetOS)"/>
          </SearchPaths>
          <CodeGeneration>
            <SmartLinkUnit Value="True"/>
            <TargetCPU Value="x86_64"/>
            <TargetOS Value="darwin"/>
            <Optimizations>
              <OptimizationLevel Value="3"/>
            </Optimizations>
          </CodeGeneration>
          <Linking>
            <Debugging>
              <GenerateDebugInfo Value="False"/>
              <RunWithoutDebug Value="True"/>
              <DebugInfoType Value="dsDwarf2Set"/>
            </Debugging>
            <LinkSmart Value="True"/>
            <Options>
              <Win32>
                <GraphicApplication Value="True"/>
              </Win32>
            </Options>
          </Linking>
          <Other>
            <Verbosity>
              <ShowHints Value="False"/>
            </Verbosity>
            <CompilerMessages>
              <IgnoredMessages idx6058="True"/>
            </CompilerMessages>
            <CustomOptions Value="-dTOMBOY_NG"/>
          </Other>
        </CompilerOptions>
      </Item12>
      <Item13 Name="CocoaDebug">
        <MacroValues Count="1">
          <Macro5 Name="LCLWidgetType" Value="cocoa"/>
        </MacroValues>
        <CompilerOptions>
          <Version Value="11"/>
          <Target>
            <Filename Value="tomboy-ng"/>
          </Target>
          <SearchPaths>
            <IncludeFiles Value="$(ProjOutDir)"/>
            <UnitOutputDirectory Value="lib/$(TargetCPU)-$(TargetOS)"/>
          </SearchPaths>
          <CodeGeneration>
            <SmartLinkUnit Value="True"/>
            <TargetCPU Value="x86_64"/>
          </CodeGeneration>
          <Linking>
            <Debugging>
              <DebugInfoType Value="dsDwarf3"/>
              <UseHeaptrc Value="True"/>
            </Debugging>
            <Options>
              <Win32>
                <GraphicApplication Value="True"/>
              </Win32>
            </Options>
          </Linking>
          <Other>
            <CustomOptions Value="-dTOMBOY_NG"/>
            <CompilerPath Value="fpc"/>
          </Other>
        </CompilerOptions>
      </Item13>
      <Item14 Name="CarbonRelease">
        <MacroValues Count="1">
          <Macro6 Name="LCLWidgetType" Value="carbon"/>
        </MacroValues>
        <CompilerOptions>
          <Version Value="11"/>
          <Target>
            <Filename Value="tomboy-ng"/>
          </Target>
          <SearchPaths>
            <IncludeFiles Value="$(ProjOutDir)"/>
            <UnitOutputDirectory Value="lib/$(TargetCPU)-$(TargetOS)"/>
          </SearchPaths>
          <CodeGeneration>
            <TargetCPU Value="i386"/>
            <Optimizations>
              <OptimizationLevel Value="3"/>
            </Optimizations>
          </CodeGeneration>
          <Linking>
            <Debugging>
              <GenerateDebugInfo Value="False"/>
              <DebugInfoType Value="dsDwarf2Set"/>
              <UseLineInfoUnit Value="False"/>
              <UseExternalDbgSyms Value="True"/>
            </Debugging>
            <Options>
              <Win32>
                <GraphicApplication Value="True"/>
              </Win32>
            </Options>
          </Linking>
          <Other>
            <CompilerMessages>
              <IgnoredMessages idx5024="True"/>
            </CompilerMessages>
            <CustomOptions Value="-dTOMBOY_NG"/>
          </Other>
        </CompilerOptions>
      </Item14>
      <Item15 Name="CocoaArmRelease">
        <MacroValues Count="1">
          <Macro5 Name="LCLWidgetType" Value="cocoa"/>
        </MacroValues>
        <CompilerOptions>
          <Version Value="11"/>
          <Target>
            <Filename Value="tomboy-ng-aarch64"/>
          </Target>
          <SearchPaths>
            <IncludeFiles Value="$(ProjOutDir)"/>
            <UnitOutputDirectory Value="lib/$(TargetCPU)-$(TargetOS)"/>
          </SearchPaths>
          <CodeGeneration>
            <SmartLinkUnit Value="True"/>
            <TargetCPU Value="aarch64"/>
            <TargetOS Value="darwin"/>
            <Optimizations>
              <OptimizationLevel Value="3"/>
            </Optimizations>
          </CodeGeneration>
          <Linking>
            <Debugging>
              <GenerateDebugInfo Value="False"/>
              <DebugInfoType Value="dsDwarf2Set"/>
            </Debugging>
            <LinkSmart Value="True"/>
            <Options>
              <Win32>
                <GraphicApplication Value="True"/>
              </Win32>
            </Options>
          </Linking>
          <Other>
            <Verbosity>
              <ShowHints Value="False"/>
            </Verbosity>
            <CompilerMessages>
              <IgnoredMessages idx6058="True"/>
            </CompilerMessages>
            <CustomOptions Value="-dTOMBOY_NG"/>
          </Other>
        </CompilerOptions>
      </Item15>
      <Item16 Name="QT5Debug">
        <MacroValues Count="1">
          <Macro4 Name="LCLWidgetType" Value="qt5"/>
        </MacroValues>
        <CompilerOptions>
          <Version Value="11"/>
          <Target>
            <Filename Value="tomboy-ng-qt5"/>
          </Target>
          <SearchPaths>
            <IncludeFiles Value="$(ProjOutDir)"/>
            <UnitOutputDirectory Value="lib/$(TargetCPU)-$(TargetOS)"/>
          </SearchPaths>
          <CodeGeneration>
            <SmartLinkUnit Value="True"/>
          </CodeGeneration>
          <Linking>
            <Debugging>
              <DebugInfoType Value="dsDwarf3"/>
              <UseHeaptrc Value="True"/>
            </Debugging>
            <LinkSmart Value="True"/>
            <Options>
              <Win32>
                <GraphicApplication Value="True"/>
              </Win32>
            </Options>
          </Linking>
          <Other>
            <Verbosity>
              <ShowHints Value="False"/>
            </Verbosity>
            <CompilerMessages>
              <IgnoredMessages idx6058="True"/>
            </CompilerMessages>
            <CustomOptions Value="-dDisableLCLGIF
-dDisableLCLJPEG
-dDisableLCLPNM
-dDisableLCLTIFF
-dTOMBOY_NG"/>
          </Other>
        </CompilerOptions>
      </Item16>
      <Item17 Name="DebugQt6">
        <MacroValues Count="1">
          <Macro7 Name="LCLWidgetType" Value="qt6"/>
        </MacroValues>
        <CompilerOptions>
          <Version Value="11"/>
          <Target>
            <Filename Value="tomboy-ng"/>
          </Target>
          <SearchPaths>
            <IncludeFiles Value="$(ProjOutDir)"/>
            <UnitOutputDirectory Value="lib/$(TargetCPU)-$(TargetOS)"/>
          </SearchPaths>
          <Parsing>
            <SyntaxOptions>
              <IncludeAssertionCode Value="True"/>
            </SyntaxOptions>
          </Parsing>
          <CodeGeneration>
            <Checks>
              <IOChecks Value="True"/>
              <RangeChecks Value="True"/>
              <OverflowChecks Value="True"/>
              <StackChecks Value="True"/>
            </Checks>
            <VerifyObjMethodCallValidity Value="True"/>
            <Optimizations>
              <OptimizationLevel Value="0"/>
            </Optimizations>
          </CodeGeneration>
          <Linking>
            <Debugging>
              <DebugInfoType Value="dsDwarf2Set"/>
              <UseHeaptrc Value="True"/>
              <TrashVariables Value="True"/>
            </Debugging>
            <Options>
              <Win32>
                <GraphicApplication Value="True"/>
              </Win32>
            </Options>
          </Linking>
          <Other>
            <CompilerMessages>
              <IgnoredMessages idx6058="True" idx5092="True" idx5024="True" idx4056="True" idx4055="True"/>
            </CompilerMessages>
            <CustomOptions Value="-dTOMBOY_NG"/>
          </Other>
        </CompilerOptions>
      </Item17>
      <Item18 Name="LeakCheckWin64">
        <MacroValues Count="1">
          <Macro1 Name="LCLWidgetType" Value="win32"/>
        </MacroValues>
        <CompilerOptions>
          <Version Value="11"/>
          <Target>
            <Filename Value="tomboy-ng64"/>
          </Target>
          <SearchPaths>
            <IncludeFiles Value="$(ProjOutDir)"/>
            <UnitOutputDirectory Value="lib/$(TargetCPU)-$(TargetOS)"/>
          </SearchPaths>
          <CodeGeneration>
            <SmartLinkUnit Value="True"/>
            <TargetCPU Value="x86_64"/>
            <TargetOS Value="win64"/>
            <Optimizations>
              <OptimizationLevel Value="3"/>
            </Optimizations>
          </CodeGeneration>
          <Linking>
            <Debugging>
              <GenerateDebugInfo Value="False"/>
              <UseHeaptrc Value="True"/>
            </Debugging>
            <Options>
              <Win32>
                <GraphicApplication Value="True"/>
              </Win32>
            </Options>
          </Linking>
          <Other>
            <Verbosity>
              <ShowHints Value="False"/>
            </Verbosity>
            <CustomOptions Value="-dTOMBOY_NG"/>
            <CompilerPath Value="/usr/bin/ppcrossx64"/>
          </Other>
        </CompilerOptions>
      </Item18>
      <Item19 Name="LeakCheckWin32">
        <MacroValues Count="1">
          <Macro1 Name="LCLWidgetType" Value="win32"/>
        </MacroValues>
        <CompilerOptions>
          <Version Value="11"/>
          <Target>
            <Filename Value="tomboy-ng32"/>
          </Target>
          <SearchPaths>
            <IncludeFiles Value="$(ProjOutDir)"/>
            <UnitOutputDirectory Value="lib/$(TargetCPU)-$(TargetOS)"/>
          </SearchPaths>
          <CodeGeneration>
            <SmartLinkUnit Value="True"/>
            <TargetCPU Value="i386"/>
          </CodeGeneration>
          <Linking>
            <Debugging>
              <GenerateDebugInfo Value="False"/>
              <UseLineInfoUnit Value="False"/>
              <UseHeaptrc Value="True"/>
            </Debugging>
            <Options>
              <Win32>
                <GraphicApplication Value="True"/>
              </Win32>
            </Options>
          </Linking>
          <Other>
            <Verbosity>
              <ShowHints Value="False"/>
            </Verbosity>
            <CustomOptions Value="-dTOMBOY_NG"/>
            <CompilerPath Value="/usr/bin/fpc"/>
          </Other>
        </CompilerOptions>
      </Item19>
      <Item20 Name="LeakCheckLin32">
        <CompilerOptions>
          <Version Value="11"/>
          <Target>
            <Filename Value="tomboy-ng32"/>
          </Target>
          <SearchPaths>
            <IncludeFiles Value="$(ProjOutDir)"/>
            <UnitOutputDirectory Value="lib/$(TargetCPU)-$(TargetOS)"/>
          </SearchPaths>
          <CodeGeneration>
            <SmartLinkUnit Value="True"/>
            <TargetProcessor Value="80386"/>
            <TargetCPU Value="i386"/>
            <TargetOS Value="linux"/>
            <Optimizations>
              <OptimizationLevel Value="3"/>
            </Optimizations>
          </CodeGeneration>
          <Linking>
            <Debugging>
              <GenerateDebugInfo Value="False"/>
              <UseHeaptrc Value="True"/>
            </Debugging>
            <LinkSmart Value="True"/>
            <Options>
              <Win32>
                <GraphicApplication Value="True"/>
              </Win32>
            </Options>
          </Linking>
          <Other>
            <Verbosity>
              <ShowTriedFiles Value="True"/>
            </Verbosity>
            <CustomOptions Value="-dTOMBOY_NG"/>
          </Other>
        </CompilerOptions>
      </Item20>
      <Item21 Name="LeakCheckLin64">
        <MacroValues Count="1">
          <Macro2 Name="LCLWidgetType" Value="gtk2"/>
        </MacroValues>
        <CompilerOptions>
          <Version Value="11"/>
          <Target>
            <Filename Value="tomboy-ng"/>
          </Target>
          <SearchPaths>
            <IncludeFiles Value="$(ProjOutDir)"/>
            <UnitOutputDirectory Value="lib/$(TargetCPU)-$(TargetOS)"/>
          </SearchPaths>
          <CodeGeneration>
            <SmartLinkUnit Value="True"/>
            <TargetCPU Value="x86_64"/>
            <TargetOS Value="linux"/>
            <Optimizations>
              <OptimizationLevel Value="3"/>
            </Optimizations>
          </CodeGeneration>
          <Linking>
            <Debugging>
              <GenerateDebugInfo Value="False"/>
              <UseHeaptrc Value="True"/>
            </Debugging>
            <LinkSmart Value="True"/>
            <Options>
              <Win32>
                <GraphicApplication Value="True"/>
              </Win32>
            </Options>
          </Linking>
          <Other>
            <Verbosity>
              <ShowTriedFiles Value="True"/>
            </Verbosity>
            <CustomOptions Value="-dTOMBOY_NG"/>
          </Other>
        </CompilerOptions>
      </Item21>
      <Item22 Name="GTK3">
        <MacroValues Count="1">
          <Macro3 Name="LCLWidgetType" Value="gtk3"/>
        </MacroValues>
        <CompilerOptions>
          <Version Value="11"/>
          <Target>
            <Filename Value="tomboy-ng"/>
          </Target>
          <SearchPaths>
            <IncludeFiles Value="$(ProjOutDir)"/>
            <UnitOutputDirectory Value="lib/$(TargetCPU)-$(TargetOS)"/>
          </SearchPaths>
          <CodeGeneration>
            <SmartLinkUnit Value="True"/>
            <Checks>
              <IOChecks Value="True"/>
              <RangeChecks Value="True"/>
              <OverflowChecks Value="True"/>
              <StackChecks Value="True"/>
            </Checks>
          </CodeGeneration>
          <Linking>
            <Debugging>
              <DebugInfoType Value="dsDwarf3"/>
              <UseHeaptrc Value="True"/>
            </Debugging>
            <LinkSmart Value="True"/>
            <Options>
              <Win32>
                <GraphicApplication Value="True"/>
              </Win32>
            </Options>
          </Linking>
          <Other>
            <Verbosity>
              <ShowHints Value="False"/>
            </Verbosity>
            <CompilerMessages>
              <IgnoredMessages idx6058="True"/>
            </CompilerMessages>
            <CustomOptions Value="-dDisableLCLGIF
-dDisableLCLJPEG
-dDisableLCLPNM
-dDisableLCLTIFF
-dTOMBOY_NG"/>
          </Other>
        </CompilerOptions>
      </Item22>
      <Item23 Name="CarbonDebug">
        <MacroValues Count="1">
          <Macro6 Name="LCLWidgetType" Value="carbon"/>
        </MacroValues>
        <CompilerOptions>
          <Version Value="11"/>
          <Target>
            <Filename Value="tomboy-ng"/>
          </Target>
          <SearchPaths>
            <IncludeFiles Value="$(ProjOutDir)"/>
            <UnitOutputDirectory Value="lib/$(TargetCPU)-$(TargetOS)"/>
          </SearchPaths>
          <Parsing>
            <SyntaxOptions>
              <IncludeAssertionCode Value="True"/>
            </SyntaxOptions>
          </Parsing>
          <CodeGeneration>
            <Checks>
              <IOChecks Value="True"/>
              <RangeChecks Value="True"/>
              <OverflowChecks Value="True"/>
              <StackChecks Value="True"/>
            </Checks>
            <VerifyObjMethodCallValidity Value="True"/>
            <TargetCPU Value="i386"/>
          </CodeGeneration>
          <Linking>
            <Debugging>
              <DebugInfoType Value="dsDwarf2Set"/>
              <UseHeaptrc Value="True"/>
              <TrashVariables Value="True"/>
              <UseExternalDbgSyms Value="True"/>
            </Debugging>
            <Options>
              <Win32>
                <GraphicApplication Value="True"/>
              </Win32>
            </Options>
          </Linking>
          <Other>
            <CompilerMessages>
              <IgnoredMessages idx5024="True"/>
            </CompilerMessages>
            <CustomOptions Value="-dTOMBOY_NG"/>
          </Other>
        </CompilerOptions>
      </Item23>
      <Item24 Name="ReleaseRasPi64Qt5">
        <MacroValues Count="1">
          <Macro4 Name="LCLWidgetType" Value="qt5"/>
        </MacroValues>
        <CompilerOptions>
          <Version Value="11"/>
          <Target>
            <Filename Value="tomboy-ng-arm64-qt5"/>
          </Target>
          <SearchPaths>
            <IncludeFiles Value="$(ProjOutDir)"/>
            <UnitOutputDirectory Value="lib/$(TargetCPU)-$(TargetOS)"/>
          </SearchPaths>
          <CodeGeneration>
            <TargetCPU Value="aarch64"/>
            <Optimizations>
              <OptimizationLevel Value="0"/>
            </Optimizations>
          </CodeGeneration>
          <Linking>
            <Debugging>
              <GenerateDebugInfo Value="False"/>
              <RunWithoutDebug Value="True"/>
              <DebugInfoType Value="dsDwarf2Set"/>
              <UseLineInfoUnit Value="False"/>
            </Debugging>
            <Options>
              <Win32>
                <GraphicApplication Value="True"/>
              </Win32>
            </Options>
          </Linking>
          <Other>
            <CompilerMessages>
              <IgnoredMessages idx6058="True" idx5024="True"/>
            </CompilerMessages>
            <CustomOptions Value="-dTOMBOY_NG"/>
          </Other>
        </CompilerOptions>
      </Item24>
      <SharedMatrixOptions Count="7">
        <Item1 ID="036726732034" Modes="ReleaseWin32,LeakCheckWin32,ReleaseWin64,LeakCheckWin64" Type="IDEMacro" MacroName="LCLWidgetType" Value="win32"/>
        <Item2 ID="418982182673" Modes="LeakCheckLin64,ReleaseLin64,ReleaseLin32,ReleaseRasPi64" Type="IDEMacro" MacroName="LCLWidgetType" Value="gtk2"/>
        <Item3 ID="429153174386" Modes="GTK3" Type="IDEMacro" MacroName="LCLWidgetType" Value="gtk3"/>
        <Item4 ID="950048283013" Modes="QT5Debug,ReleaseQT5,ReleaseRasPi,ReleaseLin32Qt5,ReleaseRasPi64Qt5" Type="IDEMacro" MacroName="LCLWidgetType" Value="qt5"/>
        <Item5 ID="341789512381" Modes="CocoaDebug,CocoaRelease,CocoaArmRelease" Type="IDEMacro" MacroName="LCLWidgetType" Value="cocoa"/>
        <Item6 ID="231441956052" Modes="CarbonRelease,CarbonDebug" Type="IDEMacro" MacroName="LCLWidgetType" Value="carbon"/>
        <Item7 ID="372825449782" Modes="DebugQt6,ReleaseQt6" Type="IDEMacro" MacroName="LCLWidgetType" Value="qt6"/>
      </SharedMatrixOptions>
    </BuildModes>
    <PublishOptions>
      <Version Value="2"/>
      <DestinationDirectory Value="$(ProjPath)/published/"/>
    </PublishOptions>
    <RunParams>
      <local>
        <CommandLineParams Value="--config-dir=/home/dbannon/.config/tomboy-ng-lots"/>
      </local>
      <FormatVersion Value="2"/>
      <Modes Count="1">
        <Mode0 Name="default">
          <local>
            <CommandLineParams Value="--config-dir=/home/dbannon/.config/tomboy-ng-lots"/>
          </local>
          <environment>
            <UserOverrides Count="2">
              <Variable0 Name="QT_QPA_PLATFORMTHEME" Value="gtk2"/>
              <Variable1 Name="TB_GITHUB_REPO" Value="tb_alt"/>
            </UserOverrides>
          </environment>
        </Mode0>
      </Modes>
    </RunParams>
    <RequiredPackages Count="3">
      <Item1>
        <PackageName Value="Printer4Lazarus"/>
      </Item1>
      <Item2>
        <PackageName Value="KControlsLaz"/>
      </Item2>
      <Item3>
        <PackageName Value="LCL"/>
      </Item3>
    </RequiredPackages>
    <Units Count="38">
      <Unit0>
        <Filename Value="Tomboy_NG.lpr"/>
        <IsPartOfProject Value="True"/>
      </Unit0>
      <Unit1>
        <Filename Value="searchunit.pas"/>
        <IsPartOfProject Value="True"/>
        <ComponentName Value="SearchForm"/>
        <HasResources Value="True"/>
        <ResourceBaseClass Value="Form"/>
        <UnitName Value="SearchUnit"/>
      </Unit1>
      <Unit2>
        <Filename Value="editbox.pas"/>
        <IsPartOfProject Value="True"/>
        <ComponentName Value="EditBoxForm"/>
        <HasResources Value="True"/>
        <ResourceBaseClass Value="Form"/>
        <UnitName Value="EditBox"/>
      </Unit2>
      <Unit3>
        <Filename Value="savenote.pas"/>
        <IsPartOfProject Value="True"/>
        <UnitName Value="SaveNote"/>
      </Unit3>
      <Unit4>
        <Filename Value="loadnote.pas"/>
        <IsPartOfProject Value="True"/>
        <UnitName Value="LoadNote"/>
      </Unit4>
      <Unit5>
        <Filename Value="settings.pas"/>
        <IsPartOfProject Value="True"/>
        <ComponentName Value="Sett"/>
        <HasResources Value="True"/>
        <ResourceBaseClass Value="Form"/>
      </Unit5>
      <Unit6>
        <Filename Value="syncgui.pas"/>
        <IsPartOfProject Value="True"/>
        <ComponentName Value="FormSync"/>
        <HasResources Value="True"/>
        <ResourceBaseClass Value="Form"/>
        <UnitName Value="SyncGUI"/>
      </Unit6>
      <Unit7>
        <Filename Value="notebook.pas"/>
        <IsPartOfProject Value="True"/>
        <ComponentName Value="NoteBookPick"/>
        <HasResources Value="True"/>
        <ResourceBaseClass Value="Form"/>
        <UnitName Value="Notebook"/>
      </Unit7>
      <Unit8>
        <Filename Value="spelling.pas"/>
        <IsPartOfProject Value="True"/>
        <ComponentName Value="FormSpell"/>
        <HasResources Value="True"/>
        <ResourceBaseClass Value="Form"/>
        <UnitName Value="Spelling"/>
      </Unit8>
      <Unit9>
        <Filename Value="mainunit.pas"/>
        <IsPartOfProject Value="True"/>
        <ComponentName Value="MainForm"/>
        <HasResources Value="True"/>
        <ResourceBaseClass Value="Form"/>
        <UnitName Value="Mainunit"/>
      </Unit9>
      <Unit10>
        <Filename Value="backupview.pas"/>
        <IsPartOfProject Value="True"/>
        <ComponentName Value="FormBackupView"/>
        <HasResources Value="True"/>
        <ResourceBaseClass Value="Form"/>
        <UnitName Value="BackupView"/>
      </Unit10>
      <Unit11>
        <Filename Value="recover.pas"/>
        <IsPartOfProject Value="True"/>
        <ComponentName Value="FormRecover"/>
        <HasResources Value="True"/>
        <ResourceBaseClass Value="Form"/>
      </Unit11>
      <Unit12>
        <Filename Value="index.pas"/>
        <IsPartOfProject Value="True"/>
        <ComponentName Value="FormIndex"/>
        <HasResources Value="True"/>
        <ResourceBaseClass Value="Form"/>
        <UnitName Value="Index"/>
      </Unit12>
      <Unit13>
        <Filename Value="autostart.pas"/>
        <IsPartOfProject Value="True"/>
      </Unit13>
      <Unit14>
        <Filename Value="note_lister.pas"/>
        <IsPartOfProject Value="True"/>
        <UnitName Value="Note_Lister"/>
      </Unit14>
      <Unit15>
        <Filename Value="syncutils.pas"/>
        <IsPartOfProject Value="True"/>
      </Unit15>
      <Unit16>
        <Filename Value="sync.pas"/>
        <IsPartOfProject Value="True"/>
      </Unit16>
      <Unit17>
        <Filename Value="hunspell.pas"/>
        <IsPartOfProject Value="True"/>
      </Unit17>
      <Unit18>
        <Filename Value="k_prn.pas"/>
        <IsPartOfProject Value="True"/>
        <UnitName Value="K_Prn"/>
      </Unit18>
      <Unit19>
        <Filename Value="tb_sdiff.pas"/>
        <IsPartOfProject Value="True"/>
        <ComponentName Value="FormSDiff"/>
        <HasResources Value="True"/>
        <ResourceBaseClass Value="Form"/>
        <UnitName Value="TB_SDiff"/>
      </Unit19>
      <Unit20>
        <Filename Value="trans.pas"/>
        <IsPartOfProject Value="True"/>
      </Unit20>
      <Unit21>
        <Filename Value="transfile.pas"/>
        <IsPartOfProject Value="True"/>
      </Unit21>
      <Unit22>
        <Filename Value="resourcestr.pas"/>
        <IsPartOfProject Value="True"/>
        <UnitName Value="ResourceStr"/>
      </Unit22>
      <Unit23>
        <Filename Value="colours.pas"/>
        <IsPartOfProject Value="True"/>
        <ComponentName Value="FormColours"/>
        <HasResources Value="True"/>
        <ResourceBaseClass Value="Form"/>
      </Unit23>
      <Unit24>
        <Filename Value="cli.pas"/>
        <IsPartOfProject Value="True"/>
      </Unit24>
      <Unit25>
        <Filename Value="libnotify.pas"/>
        <IsPartOfProject Value="True"/>
      </Unit25>
      <Unit26>
        <Filename Value="rollback.pas"/>
        <IsPartOfProject Value="True"/>
        <ComponentName Value="FormRollBack"/>
        <HasResources Value="True"/>
        <ResourceBaseClass Value="Form"/>
        <UnitName Value="RollBack"/>
      </Unit26>
      <Unit27>
        <Filename Value="tb_utils.pas"/>
        <IsPartOfProject Value="True"/>
      </Unit27>
      <Unit28>
        <Filename Value="commonmark.pas"/>
        <IsPartOfProject Value="True"/>
      </Unit28>
      <Unit29>
        <Filename Value="tbundo.pas"/>
        <IsPartOfProject Value="True"/>
      </Unit29>
      <Unit30>
        <Filename Value="hunspell.inc"/>
        <IsPartOfProject Value="True"/>
      </Unit30>
      <Unit31>
        <Filename Value="notenormal.pas"/>
        <IsPartOfProject Value="True"/>
      </Unit31>
      <Unit32>
        <Filename Value="transgithub.pas"/>
        <IsPartOfProject Value="True"/>
      </Unit32>
      <Unit33>
        <Filename Value="import_notes.pas"/>
        <IsPartOfProject Value="True"/>
      </Unit33>
      <Unit34>
        <Filename Value="jsontools.pas"/>
        <IsPartOfProject Value="True"/>
        <UnitName Value="JsonTools"/>
      </Unit34>
      <Unit35>
        <Filename Value="tb_symbol.pas"/>
        <IsPartOfProject Value="True"/>
        <ComponentName Value="FormSymbol"/>
        <HasResources Value="True"/>
        <ResourceBaseClass Value="Form"/>
      </Unit35>
      <Unit36>
        <Filename Value="kmemo2pdf.pas"/>
        <IsPartOfProject Value="True"/>
        <ComponentName Value="FormKMemo2pdf"/>
        <HasResources Value="True"/>
        <ResourceBaseClass Value="Form"/>
      </Unit36>
      <Unit37>
        <Filename Value="mvxwindow.pas"/>
        <IsPartOfProject Value="True"/>
      </Unit37>
    </Units>
  </ProjectOptions>
  <CompilerOptions>
    <Version Value="11"/>
    <Target>
      <Filename Value="tomboy-ng"/>
    </Target>
    <SearchPaths>
      <IncludeFiles Value="$(ProjOutDir)"/>
      <UnitOutputDirectory Value="lib/$(TargetCPU)-$(TargetOS)"/>
    </SearchPaths>
    <CodeGeneration>
      <SmartLinkUnit Value="True"/>
      <Optimizations>
        <OptimizationLevel Value="0"/>
      </Optimizations>
    </CodeGeneration>
    <Linking>
      <Debugging>
        <GenerateDebugInfo Value="False"/>
        <DebugInfoType Value="dsDwarf2Set"/>
      </Debugging>
      <Options>
        <Win32>
          <GraphicApplication Value="True"/>
        </Win32>
      </Options>
    </Linking>
    <Other>
      <CompilerMessages>
        <IgnoredMessages idx6058="True" idx5024="True"/>
      </CompilerMessages>
      <CustomOptions Value="-dTOMBOY_NG"/>
    </Other>
  </CompilerOptions>
</CONFIG>
